// !$*UTF8*$!
{
	archiveVersion = 1;
	classes = {
	};
	objectVersion = 77;
	objects = {

/* Begin PBXBuildFile section */
		58D6005A306D13DF00D0BB3B /* RevenueCat in Frameworks */ = {isa = PBXBuildFile; productRef = 58E8F255303189D900395271 /* RevenueCat */; };
		58D6005B306D13DF00D0BB3B /* FirebaseAnalytics in Frameworks */ = {isa = PBXBuildFile; productRef = 58E8F26030318A5900395271 /* FirebaseAnalytics */; };
		58D6005C306D13DF00D0BB3B /* FirebaseCore in Frameworks */ = {isa = PBXBuildFile; productRef = 58E8F26E30318A5900395271 /* FirebaseCore */; };
		58D6005D306D13DF00D0BB3B /* FirebaseMessaging in Frameworks */ = {isa = PBXBuildFile; productRef = 58E8F28230318A5900395271 /* FirebaseMessaging */; };
		58D6005E306D13DF00D0BB3B /* Drops in Frameworks */ = {isa = PBXBuildFile; productRef = 58E8F28D30318A7700395271 /* Drops */; };
		58D6005F306D13DF00D0BB3B /* Lottie in Frameworks */ = {isa = PBXBuildFile; productRef = 58E8F8133031951800395271 /* Lottie */; };
		5A1F00000000000000000001 /* Kingfisher in Frameworks */ = {isa = PBXBuildFile; productRef = 5A1F00000000000000000003 /* Kingfisher */; };
		62B2BEBAFA01BD95A6C9F946 /* ShareViewController.swift in Sources */ = {isa = PBXBuildFile; fileRef = EB71E47E68D74A93BAD4E493 /* ShareViewController.swift */; };
		B3D0BAD06400A680395FBBD0 /* FlavourlyShare.appex in Embed Foundation Extensions */ = {isa = PBXBuildFile; fileRef = CCB1BE64664EA6DC3D023805 /* FlavourlyShare.appex */; settings = {ATTRIBUTES = (RemoveHeadersOnCopy, ); }; };
/* End PBXBuildFile section */

/* Begin PBXContainerItemProxy section */
		9B83E42194ED66F2576B8E60 /* PBXContainerItemProxy */ = {
			isa = PBXContainerItemProxy;
			containerPortal = 58D6FDEB306D10ED00D0BB3B /* Project object */;
			proxyType = 1;
			remoteGlobalIDString = F1B73305E6F7605BE63FB885;
			remoteInfo = FlavourlyShare;
		};
/* End PBXContainerItemProxy section */

/* Begin PBXCopyFilesBuildPhase section */
		83CB4D97191F916190EA9907 /* Embed Foundation Extensions */ = {
			isa = PBXCopyFilesBuildPhase;
			buildActionMask = 2147483647;
			dstPath = "";
			dstSubfolderSpec = 13;
			files = (
				B3D0BAD06400A680395FBBD0 /* FlavourlyShare.appex in Embed Foundation Extensions */,
			);
			name = "Embed Foundation Extensions";
			runOnlyForDeploymentPostprocessing = 0;
		};
/* End PBXCopyFilesBuildPhase section */

/* Begin PBXFileReference section */
		148149571CE8F7EA92870807 /* Info.plist */ = {isa = PBXFileReference; includeInIndex = 1; lastKnownFileType = text.plist.xml; path = Info.plist; sourceTree = "<group>"; };
		58D6FDF3306D10ED00D0BB3B /* Flavourly.app */ = {isa = PBXFileReference; explicitFileType = wrapper.application; includeInIndex = 0; path = Flavourly.app; sourceTree = BUILT_PRODUCTS_DIR; };
		78485A8F0B43B66C0C31CD08 /* FlavourlyShare.entitlements */ = {isa = PBXFileReference; includeInIndex = 1; lastKnownFileType = text.plist.entitlements; path = FlavourlyShare.entitlements; sourceTree = "<group>"; };
		CCB1BE64664EA6DC3D023805 /* FlavourlyShare.appex */ = {isa = PBXFileReference; explicitFileType = "wrapper.app-extension"; includeInIndex = 0; path = FlavourlyShare.appex; sourceTree = BUILT_PRODUCTS_DIR; };
		EB71E47E68D74A93BAD4E493 /* ShareViewController.swift */ = {isa = PBXFileReference; includeInIndex = 1; lastKnownFileType = sourcecode.swift; path = ShareViewController.swift; sourceTree = "<group>"; };
/* End PBXFileReference section */

/* Begin PBXFileSystemSynchronizedBuildFileExceptionSet section */
		58E8FA1930319E5200395271 /* Exceptions for "Flavourly" folder in "Flavourly" target */ = {
			isa = PBXFileSystemSynchronizedBuildFileExceptionSet;
			membershipExceptions = (
				Info.plist,
			);
			target = 58D6FDF2306D10ED00D0BB3B /* Flavourly */;
		};
/* End PBXFileSystemSynchronizedBuildFileExceptionSet section */

/* Begin PBXFileSystemSynchronizedRootGroup section */
		58D6FDF5306D10ED00D0BB3B /* Flavourly */ = {
			isa = PBXFileSystemSynchronizedRootGroup;
			exceptions = (
				58E8FA1930319E5200395271 /* Exceptions for "Flavourly" folder in "Flavourly" target */,
			);
			path = Flavourly;
			sourceTree = "<group>";
		};
/* End PBXFileSystemSynchronizedRootGroup section */

/* Begin PBXFrameworksBuildPhase section */
		560B9099B2612E27EC167870 /* Frameworks */ = {
			isa = PBXFrameworksBuildPhase;
			buildActionMask = 2147483647;
			files = (
			);
			runOnlyForDeploymentPostprocessing = 0;
		};
		58D6FDF0306D10ED00D0BB3B /* Frameworks */ = {
			isa = PBXFrameworksBuildPhase;
			buildActionMask = 2147483647;
			files = (
				5A1F00000000000000000001 /* Kingfisher in Frameworks */,
				58D6005F306D13DF00D0BB3B /* Lottie in Frameworks */,
				58D6005E306D13DF00D0BB3B /* Drops in Frameworks */,
				58D6005D306D13DF00D0BB3B /* FirebaseMessaging in Frameworks */,
				58D6005C306D13DF00D0BB3B /* FirebaseCore in Frameworks */,
				58D6005B306D13DF00D0BB3B /* FirebaseAnalytics in Frameworks */,
				58D6005A306D13DF00D0BB3B /* RevenueCat in Frameworks */,
			);
			runOnlyForDeploymentPostprocessing = 0;
		};
/* End PBXFrameworksBuildPhase section */

/* Begin PBXGroup section */
		58D6FDEA306D10ED00D0BB3B = {
			isa = PBXGroup;
			children = (
				58D6FDF5306D10ED00D0BB3B /* Flavourly */,
				58D6FDF4306D10ED00D0BB3B /* Products */,
				EFC9C37BCF9F5B2611F4E26D /* FlavourlyShare */,
			);
			sourceTree = "<group>";
		};
		58D6FDF4306D10ED00D0BB3B /* Products */ = {
			isa = PBXGroup;
			children = (
				58D6FDF3306D10ED00D0BB3B /* Flavourly.app */,
				CCB1BE64664EA6DC3D023805 /* FlavourlyShare.appex */,
			);
			name = Products;
			sourceTree = "<group>";
		};
		EFC9C37BCF9F5B2611F4E26D /* FlavourlyShare */ = {
			isa = PBXGroup;
			children = (
				EB71E47E68D74A93BAD4E493 /* ShareViewController.swift */,
				148149571CE8F7EA92870807 /* Info.plist */,
				78485A8F0B43B66C0C31CD08 /* FlavourlyShare.entitlements */,
			);
			path = FlavourlyShare;
			sourceTree = "<group>";
		};
/* End PBXGroup section */

/* Begin PBXNativeTarget section */
		58D6FDF2306D10ED00D0BB3B /* Flavourly */ = {
			isa = PBXNativeTarget;
			buildConfigurationList = 58D6FDFE306D10F700D0BB3B /* Build configuration list for PBXNativeTarget "Flavourly" */;
			buildPhases = (
				58D6FDEF306D10ED00D0BB3B /* Sources */,
				58D6FDF0306D10ED00D0BB3B /* Frameworks */,
				58D6FDF1306D10ED00D0BB3B /* Resources */,
				83CB4D97191F916190EA9907 /* Embed Foundation Extensions */,
			);
			buildRules = (
			);
			dependencies = (
				40040E85D16C3D1BFCF76F96 /* PBXTargetDependency */,
			);
			fileSystemSynchronizedGroups = (
				58D6FDF5306D10ED00D0BB3B /* Flavourly */,
			);
			name = Flavourly;
			packageProductDependencies = (
				58E8F255303189D900395271 /* RevenueCat */,
				58E8F26030318A5900395271 /* FirebaseAnalytics */,
				58E8F26E30318A5900395271 /* FirebaseCore */,
				58E8F28230318A5900395271 /* FirebaseMessaging */,
				58E8F28D30318A7700395271 /* Drops */,
				58E8F8133031951800395271 /* Lottie */,
				5A1F00000000000000000003 /* Kingfisher */,
			);
			productName = Flavourly;
			productReference = 58D6FDF3306D10ED00D0BB3B /* Flavourly.app */;
			productType = "com.apple.product-type.application";
		};
		F1B73305E6F7605BE63FB885 /* FlavourlyShare */ = {
			isa = PBXNativeTarget;
			buildConfigurationList = A826511A22207210FC8F36E4 /* Build configuration list for PBXNativeTarget "FlavourlyShare" */;
			buildPhases = (
				BD4943472A20A89947C08AA5 /* Sources */,
				560B9099B2612E27EC167870 /* Frameworks */,
				C90E95BA13D1EF6EF08F3F06 /* Resources */,
			);
			buildRules = (
			);
			dependencies = (
			);
			name = FlavourlyShare;
			productName = FlavourlyShare;
			productReference = CCB1BE64664EA6DC3D023805 /* FlavourlyShare.appex */;
			productType = "com.apple.product-type.app-extension";
		};
/* End PBXNativeTarget section */

/* Begin PBXProject section */
		58D6FDEB306D10ED00D0BB3B /* Project object */ = {
			isa = PBXProject;
			attributes = {
				BuildIndependentTargetsInParallel = 1;
				LastSwiftUpdateCheck = 2660;
				LastUpgradeCheck = 2660;
				TargetAttributes = {
					58D6FDF2306D10ED00D0BB3B = {
						CreatedOnToolsVersion = 26.6;
					};
				};
			};
			buildConfigurationList = 58D6FDEE306D10ED00D0BB3B /* Build configuration list for PBXProject "Flavourly" */;
			developmentRegion = en;
			hasScannedForEncodings = 0;
			knownRegions = (
				en,
				Base,
				ar,
				es,
				de,
				el,
				ja,
				ko,
				hi,
				fr,
				"pt-BR",
				ru,
				it,
				tr,
				vi,
				"zh-Hans",
			);
			mainGroup = 58D6FDEA306D10ED00D0BB3B;
			minimizedProjectReferenceProxies = 1;
			packageReferences = (
				58E8F252303189D900395271 /* XCRemoteSwiftPackageReference "purchases-ios-spm" */,
				58E8F25B30318A5900395271 /* XCRemoteSwiftPackageReference "firebase-ios-sdk" */,
				58E8F28C30318A7700395271 /* XCRemoteSwiftPackageReference "Drops" */,
				58E8F8123031951800395271 /* XCRemoteSwiftPackageReference "lottie-spm" */,
				5A1F00000000000000000002 /* XCRemoteSwiftPackageReference "Kingfisher" */,
			);
			preferredProjectObjectVersion = 77;
			productRefGroup = 58D6FDF4306D10ED00D0BB3B /* Products */;
			projectDirPath = "";
			projectRoot = "";
			targets = (
				58D6FDF2306D10ED00D0BB3B /* Flavourly */,
				F1B73305E6F7605BE63FB885 /* FlavourlyShare */,
			);
		};
/* End PBXProject section */

/* Begin PBXResourcesBuildPhase section */
		58D6FDF1306D10ED00D0BB3B /* Resources */ = {
			isa = PBXResourcesBuildPhase;
			buildActionMask = 2147483647;
			files = (
			);
			runOnlyForDeploymentPostprocessing = 0;
		};
		C90E95BA13D1EF6EF08F3F06 /* Resources */ = {
			isa = PBXResourcesBuildPhase;
			buildActionMask = 2147483647;
			files = (
			);
			runOnlyForDeploymentPostprocessing = 0;
		};
/* End PBXResourcesBuildPhase section */

/* Begin PBXSourcesBuildPhase section */
		58D6FDEF306D10ED00D0BB3B /* Sources */ = {
			isa = PBXSourcesBuildPhase;
			buildActionMask = 2147483647;
			files = (
			);
			runOnlyForDeploymentPostprocessing = 0;
		};
		BD4943472A20A89947C08AA5 /* Sources */ = {
			isa = PBXSourcesBuildPhase;
			buildActionMask = 2147483647;
			files = (
				62B2BEBAFA01BD95A6C9F946 /* ShareViewController.swift in Sources */,
			);
			runOnlyForDeploymentPostprocessing = 0;
		};
/* End PBXSourcesBuildPhase section */

/* Begin PBXTargetDependency section */
		40040E85D16C3D1BFCF76F96 /* PBXTargetDependency */ = {
			isa = PBXTargetDependency;
			name = FlavourlyShare;
			target = F1B73305E6F7605BE63FB885 /* FlavourlyShare */;
			targetProxy = 9B83E42194ED66F2576B8E60 /* PBXContainerItemProxy */;
		};
/* End PBXTargetDependency section */

/* Begin XCBuildConfiguration section */
		03D77C76D1ACE5F58BE164D0 /* Release */ = {
			isa = XCBuildConfiguration;
			buildSettings = {
				APPLICATION_EXTENSION_API_ONLY = YES;
				CLANG_ENABLE_OBJC_WEAK = NO;
				CODE_SIGN_ENTITLEMENTS = FlavourlyShare/FlavourlyShare.entitlements;
				CODE_SIGN_STYLE = Automatic;
				CURRENT_PROJECT_VERSION = 1;
				DEVELOPMENT_TEAM = QH39X8R3UD;
				GENERATE_INFOPLIST_FILE = YES;
				INFOPLIST_FILE = FlavourlyShare/Info.plist;
				INFOPLIST_KEY_CFBundleDisplayName = Flavourly;
				IPHONEOS_DEPLOYMENT_TARGET = 17.0;
				LD_RUNPATH_SEARCH_PATHS = (
					"$(inherited)",
					"@executable_path/Frameworks",
					"@executable_path/../../Frameworks",
				);
				MARKETING_VERSION = 1.0;
				PRODUCT_BUNDLE_IDENTIFIER = com.bhavik.Flavourly.FlavourlyShare;
				PRODUCT_NAME = "$(TARGET_NAME)";
				SDKROOT = iphoneos;
				SKIP_INSTALL = YES;
				SUPPORTED_PLATFORMS = "iphoneos iphonesimulator";
				SUPPORTS_MACCATALYST = NO;
				SWIFT_VERSION = 5.0;
				TARGETED_DEVICE_FAMILY = 1;
				VALIDATE_PRODUCT = YES;
			};
			name = Release;
		};
		58D6FDFC306D10F700D0BB3B /* Debug */ = {
			isa = XCBuildConfiguration;
			buildSettings = {
				ALWAYS_SEARCH_USER_PATHS = NO;
				ASSETCATALOG_COMPILER_GENERATE_SWIFT_ASSET_SYMBOL_EXTENSIONS = YES;
				CLANG_ANALYZER_NONNULL = YES;
				CLANG_ANALYZER_NUMBER_OBJECT_CONVERSION = YES_AGGRESSIVE;
				CLANG_CXX_LANGUAGE_STANDARD = "gnu++20";
				CLANG_ENABLE_MODULES = YES;
				CLANG_ENABLE_OBJC_ARC = YES;
				CLANG_ENABLE_OBJC_WEAK = YES;
				CLANG_WARN_BLOCK_CAPTURE_AUTORELEASING = YES;
				CLANG_WARN_BOOL_CONVERSION = YES;
				CLANG_WARN_COMMA = YES;
				CLANG_WARN_CONSTANT_CONVERSION = YES;
				CLANG_WARN_DEPRECATED_OBJC_IMPLEMENTATIONS = YES;
				CLANG_WARN_DIRECT_OBJC_ISA_USAGE = YES_ERROR;
				CLANG_WARN_DOCUMENTATION_COMMENTS = YES;
				CLANG_WARN_EMPTY_BODY = YES;
				CLANG_WARN_ENUM_CONVERSION = YES;
				CLANG_WARN_INFINITE_RECURSION = YES;
				CLANG_WARN_INT_CONVERSION = YES;
				CLANG_WARN_NON_LITERAL_NULL_CONVERSION = YES;
				CLANG_WARN_OBJC_IMPLICIT_RETAIN_SELF = YES;
				CLANG_WARN_OBJC_LITERAL_CONVERSION = YES;
				CLANG_WARN_OBJC_ROOT_CLASS = YES_ERROR;
				CLANG_WARN_QUOTED_INCLUDE_IN_FRAMEWORK_HEADER = YES;
				CLANG_WARN_RANGE_LOOP_ANALYSIS = YES;
				CLANG_WARN_STRICT_PROTOTYPES = YES;
				CLANG_WARN_SUSPICIOUS_MOVE = YES;
				CLANG_WARN_UNGUARDED_AVAILABILITY = YES_AGGRESSIVE;
				CLANG_WARN_UNREACHABLE_CODE = YES;
				CLANG_WARN__DUPLICATE_METHOD_MATCH = YES;
				COPY_PHASE_STRIP = NO;
				DEBUG_INFORMATION_FORMAT = dwarf;
				DEVELOPMENT_TEAM = QH39X8R3UD;
				ENABLE_STRICT_OBJC_MSGSEND = YES;
				ENABLE_TESTABILITY = YES;
				ENABLE_USER_SCRIPT_SANDBOXING = YES;
				GCC_C_LANGUAGE_STANDARD = gnu17;
				GCC_DYNAMIC_NO_PIC = NO;
				GCC_NO_COMMON_BLOCKS = YES;
				GCC_OPTIMIZATION_LEVEL = 0;
				GCC_PREPROCESSOR_DEFINITIONS = (
					"DEBUG=1",
					"$(inherited)",
				);
				GCC_WARN_64_TO_32_BIT_CONVERSION = YES;
				GCC_WARN_ABOUT_RETURN_TYPE = YES_ERROR;
				GCC_WARN_UNDECLARED_SELECTOR = YES;
				GCC_WARN_UNINITIALIZED_AUTOS = YES_AGGRESSIVE;
				GCC_WARN_UNUSED_FUNCTION = YES;
				GCC_WARN_UNUSED_VARIABLE = YES;
				IPHONEOS_DEPLOYMENT_TARGET = 26.5;
				LOCALIZATION_PREFERS_STRING_CATALOGS = YES;
				MTL_ENABLE_DEBUG_INFO = INCLUDE_SOURCE;
				MTL_FAST_MATH = YES;
				ONLY_ACTIVE_ARCH = YES;
				SDKROOT = iphoneos;
				SWIFT_ACTIVE_COMPILATION_CONDITIONS = "DEBUG $(inherited)";
				SWIFT_OPTIMIZATION_LEVEL = "-Onone";
			};
			name = Debug;
		};
		58D6FDFD306D10F700D0BB3B /* Release */ = {
			isa = XCBuildConfiguration;
			buildSettings = {
				ALWAYS_SEARCH_USER_PATHS = NO;
				ASSETCATALOG_COMPILER_GENERATE_SWIFT_ASSET_SYMBOL_EXTENSIONS = YES;
				CLANG_ANALYZER_NONNULL = YES;
				CLANG_ANALYZER_NUMBER_OBJECT_CONVERSION = YES_AGGRESSIVE;
				CLANG_CXX_LANGUAGE_STANDARD = "gnu++20";
				CLANG_ENABLE_MODULES = YES;
				CLANG_ENABLE_OBJC_ARC = YES;
				CLANG_ENABLE_OBJC_WEAK = YES;
				CLANG_WARN_BLOCK_CAPTURE_AUTORELEASING = YES;
				CLANG_WARN_BOOL_CONVERSION = YES;
				CLANG_WARN_COMMA = YES;
				CLANG_WARN_CONSTANT_CONVERSION = YES;
				CLANG_WARN_DEPRECATED_OBJC_IMPLEMENTATIONS = YES;
				CLANG_WARN_DIRECT_OBJC_ISA_USAGE = YES_ERROR;
				CLANG_WARN_DOCUMENTATION_COMMENTS = YES;
				CLANG_WARN_EMPTY_BODY = YES;
				CLANG_WARN_ENUM_CONVERSION = YES;
				CLANG_WARN_INFINITE_RECURSION = YES;
				CLANG_WARN_INT_CONVERSION = YES;
				CLANG_WARN_NON_LITERAL_NULL_CONVERSION = YES;
				CLANG_WARN_OBJC_IMPLICIT_RETAIN_SELF = YES;
				CLANG_WARN_OBJC_LITERAL_CONVERSION = YES;
				CLANG_WARN_OBJC_ROOT_CLASS = YES_ERROR;
				CLANG_WARN_QUOTED_INCLUDE_IN_FRAMEWORK_HEADER = YES;
				CLANG_WARN_RANGE_LOOP_ANALYSIS = YES;
				CLANG_WARN_STRICT_PROTOTYPES = YES;
				CLANG_WARN_SUSPICIOUS_MOVE = YES;
				CLANG_WARN_UNGUARDED_AVAILABILITY = YES_AGGRESSIVE;
				CLANG_WARN_UNREACHABLE_CODE = YES;
				CLANG_WARN__DUPLICATE_METHOD_MATCH = YES;
				COPY_PHASE_STRIP = NO;
				DEBUG_INFORMATION_FORMAT = "dwarf-with-dsym";
				DEVELOPMENT_TEAM = QH39X8R3UD;
				ENABLE_NS_ASSERTIONS = NO;
				ENABLE_STRICT_OBJC_MSGSEND = YES;
				ENABLE_USER_SCRIPT_SANDBOXING = YES;
				GCC_C_LANGUAGE_STANDARD = gnu17;
				GCC_NO_COMMON_BLOCKS = YES;
				GCC_WARN_64_TO_32_BIT_CONVERSION = YES;
				GCC_WARN_ABOUT_RETURN_TYPE = YES_ERROR;
				GCC_WARN_UNDECLARED_SELECTOR = YES;
				GCC_WARN_UNINITIALIZED_AUTOS = YES_AGGRESSIVE;
				GCC_WARN_UNUSED_FUNCTION = YES;
				GCC_WARN_UNUSED_VARIABLE = YES;
				IPHONEOS_DEPLOYMENT_TARGET = 26.5;
				LOCALIZATION_PREFERS_STRING_CATALOGS = YES;
				MTL_ENABLE_DEBUG_INFO = NO;
				MTL_FAST_MATH = YES;
				SDKROOT = iphoneos;
				SWIFT_COMPILATION_MODE = wholemodule;
				VALIDATE_PRODUCT = YES;
			};
			name = Release;
		};
		58D6FDFF306D10F700D0BB3B /* Debug */ = {
			isa = XCBuildConfiguration;
			buildSettings = {
				ASSETCATALOG_COMPILER_APPICON_NAME = AppIcon;
				ASSETCATALOG_COMPILER_GLOBAL_ACCENT_COLOR_NAME = AccentColor;
				CODE_SIGN_ENTITLEMENTS = Flavourly/GoViral.entitlements;
				CODE_SIGN_STYLE = Automatic;
				CURRENT_PROJECT_VERSION = 1;
				DEVELOPMENT_TEAM = QH39X8R3UD;
				ENABLE_PREVIEWS = YES;
				GENERATE_INFOPLIST_FILE = YES;
				INFOPLIST_FILE = Flavourly/Info.plist;
				INFOPLIST_KEY_UIApplicationSceneManifest_Generation = YES;
				INFOPLIST_KEY_UIApplicationSupportsIndirectInputEvents = YES;
				INFOPLIST_KEY_UILaunchScreen_Generation = YES;
				INFOPLIST_KEY_UISupportedInterfaceOrientations = UIInterfaceOrientationPortrait;
				INFOPLIST_KEY_UISupportedInterfaceOrientations_iPad = "UIInterfaceOrientationLandscapeLeft UIInterfaceOrientationLandscapeRight UIInterfaceOrientationPortrait UIInterfaceOrientationPortraitUpsideDown";
				IPHONEOS_DEPLOYMENT_TARGET = 17.0;
				LD_RUNPATH_SEARCH_PATHS = (
					"$(inherited)",
					"@executable_path/Frameworks",
				);
				MARKETING_VERSION = 1.0;
				PRODUCT_BUNDLE_IDENTIFIER = com.bhavik.Flavourly;
				PRODUCT_NAME = "$(TARGET_NAME)";
				STRING_CATALOG_GENERATE_SYMBOLS = YES;
				SUPPORTED_PLATFORMS = "iphoneos iphonesimulator";
				SUPPORTS_MACCATALYST = NO;
				SWIFT_APPROACHABLE_CONCURRENCY = YES;
				SWIFT_DEFAULT_ACTOR_ISOLATION = MainActor;
				SWIFT_EMIT_LOC_STRINGS = YES;
				SWIFT_UPCOMING_FEATURE_MEMBER_IMPORT_VISIBILITY = YES;
				SWIFT_VERSION = 5.0;
				TARGETED_DEVICE_FAMILY = 1;
			};
			name = Debug;
		};
		58D6FE00306D10F700D0BB3B /* Release */ = {
			isa = XCBuildConfiguration;
			buildSettings = {
				ASSETCATALOG_COMPILER_APPICON_NAME = AppIcon;
				ASSETCATALOG_COMPILER_GLOBAL_ACCENT_COLOR_NAME = AccentColor;
				CODE_SIGN_ENTITLEMENTS = Flavourly/GoViral.entitlements;
				CODE_SIGN_STYLE = Automatic;
				CURRENT_PROJECT_VERSION = 1;
				DEVELOPMENT_TEAM = QH39X8R3UD;
				ENABLE_PREVIEWS = YES;
				GENERATE_INFOPLIST_FILE = YES;
				INFOPLIST_FILE = Flavourly/Info.plist;
				INFOPLIST_KEY_UIApplicationSceneManifest_Generation = YES;
				INFOPLIST_KEY_UIApplicationSupportsIndirectInputEvents = YES;
				INFOPLIST_KEY_UILaunchScreen_Generation = YES;
				INFOPLIST_KEY_UISupportedInterfaceOrientations = UIInterfaceOrientationPortrait;
				INFOPLIST_KEY_UISupportedInterfaceOrientations_iPad = "UIInterfaceOrientationLandscapeLeft UIInterfaceOrientationLandscapeRight UIInterfaceOrientationPortrait UIInterfaceOrientationPortraitUpsideDown";
				IPHONEOS_DEPLOYMENT_TARGET = 17.0;
				LD_RUNPATH_SEARCH_PATHS = (
					"$(inherited)",
					"@executable_path/Frameworks",
				);
				MARKETING_VERSION = 1.0;
				PRODUCT_BUNDLE_IDENTIFIER = com.bhavik.Flavourly;
				PRODUCT_NAME = "$(TARGET_NAME)";
				STRING_CATALOG_GENERATE_SYMBOLS = YES;
				SUPPORTED_PLATFORMS = "iphoneos iphonesimulator";
				SUPPORTS_MACCATALYST = NO;
				SWIFT_APPROACHABLE_CONCURRENCY = YES;
				SWIFT_DEFAULT_ACTOR_ISOLATION = MainActor;
				SWIFT_EMIT_LOC_STRINGS = YES;
				SWIFT_UPCOMING_FEATURE_MEMBER_IMPORT_VISIBILITY = YES;
				SWIFT_VERSION = 5.0;
				TARGETED_DEVICE_FAMILY = 1;
			};
			name = Release;
		};
		8062BD90800B3F3E952B8160 /* Debug */ = {
			isa = XCBuildConfiguration;
			buildSettings = {
				APPLICATION_EXTENSION_API_ONLY = YES;
				CLANG_ENABLE_OBJC_WEAK = NO;
				CODE_SIGN_ENTITLEMENTS = FlavourlyShare/FlavourlyShare.entitlements;
				CODE_SIGN_STYLE = Automatic;
				CURRENT_PROJECT_VERSION = 1;
				DEVELOPMENT_TEAM = QH39X8R3UD;
				GENERATE_INFOPLIST_FILE = YES;
				INFOPLIST_FILE = FlavourlyShare/Info.plist;
				INFOPLIST_KEY_CFBundleDisplayName = Flavourly;
				IPHONEOS_DEPLOYMENT_TARGET = 17.0;
				LD_RUNPATH_SEARCH_PATHS = (
					"$(inherited)",
					"@executable_path/Frameworks",
					"@executable_path/../../Frameworks",
				);
				MARKETING_VERSION = 1.0;
				PRODUCT_BUNDLE_IDENTIFIER = com.bhavik.Flavourly.FlavourlyShare;
				PRODUCT_NAME = "$(TARGET_NAME)";
				SDKROOT = iphoneos;
				SKIP_INSTALL = YES;
				SUPPORTED_PLATFORMS = "iphoneos iphonesimulator";
				SUPPORTS_MACCATALYST = NO;
				SWIFT_VERSION = 5.0;
				TARGETED_DEVICE_FAMILY = 1;
			};
			name = Debug;
		};
/* End XCBuildConfiguration section */

/* Begin XCConfigurationList section */
		58D6FDEE306D10ED00D0BB3B /* Build configuration list for PBXProject "Flavourly" */ = {
			isa = XCConfigurationList;
			buildConfigurations = (
				58D6FDFC306D10F700D0BB3B /* Debug */,
				58D6FDFD306D10F700D0BB3B /* Release */,
			);
			defaultConfigurationIsVisible = 0;
			defaultConfigurationName = Release;
		};
		58D6FDFE306D10F700D0BB3B /* Build configuration list for PBXNativeTarget "Flavourly" */ = {
			isa = XCConfigurationList;
			buildConfigurations = (
				58D6FDFF306D10F700D0BB3B /* Debug */,
				58D6FE00306D10F700D0BB3B /* Release */,
			);
			defaultConfigurationIsVisible = 0;
			defaultConfigurationName = Release;
		};
		A826511A22207210FC8F36E4 /* Build configuration list for PBXNativeTarget "FlavourlyShare" */ = {
			isa = XCConfigurationList;
			buildConfigurations = (
				03D77C76D1ACE5F58BE164D0 /* Release */,
				8062BD90800B3F3E952B8160 /* Debug */,
			);
			defaultConfigurationIsVisible = 0;
			defaultConfigurationName = Release;
		};
/* End XCConfigurationList section */

/* Begin XCRemoteSwiftPackageReference section */
		58E8F252303189D900395271 /* XCRemoteSwiftPackageReference "purchases-ios-spm" */ = {
			isa = XCRemoteSwiftPackageReference;
			repositoryURL = "https://github.com/RevenueCat/purchases-ios-spm.git";
			requirement = {
				kind = upToNextMajorVersion;
				minimumVersion = 5.83.2;
			};
		};
		58E8F25B30318A5900395271 /* XCRemoteSwiftPackageReference "firebase-ios-sdk" */ = {
			isa = XCRemoteSwiftPackageReference;
			repositoryURL = "https://github.com/firebase/firebase-ios-sdk";
			requirement = {
				kind = upToNextMajorVersion;
				minimumVersion = 12.17.0;
			};
		};
		58E8F28C30318A7700395271 /* XCRemoteSwiftPackageReference "Drops" */ = {
			isa = XCRemoteSwiftPackageReference;
			repositoryURL = "https://github.com/omaralbeik/Drops";
			requirement = {
				kind = upToNextMajorVersion;
				minimumVersion = 1.7.0;
			};
		};
		58E8F8123031951800395271 /* XCRemoteSwiftPackageReference "lottie-spm" */ = {
			isa = XCRemoteSwiftPackageReference;
			repositoryURL = "https://github.com/airbnb/lottie-spm.git";
			requirement = {
				kind = upToNextMajorVersion;
				minimumVersion = 4.6.1;
			};
		};
		5A1F00000000000000000002 /* XCRemoteSwiftPackageReference "Kingfisher" */ = {
			isa = XCRemoteSwiftPackageReference;
			repositoryURL = "https://github.com/onevcat/Kingfisher.git";
			requirement = {
				kind = upToNextMajorVersion;
				minimumVersion = 8.0.0;
			};
		};
/* End XCRemoteSwiftPackageReference section */

/* Begin XCSwiftPackageProductDependency section */
		58E8F255303189D900395271 /* RevenueCat */ = {
			isa = XCSwiftPackageProductDependency;
			package = 58E8F252303189D900395271 /* XCRemoteSwiftPackageReference "purchases-ios-spm" */;
			productName = RevenueCat;
		};
		58E8F26030318A5900395271 /* FirebaseAnalytics */ = {
			isa = XCSwiftPackageProductDependency;
			package = 58E8F25B30318A5900395271 /* XCRemoteSwiftPackageReference "firebase-ios-sdk" */;
			productName = FirebaseAnalytics;
		};
		58E8F26E30318A5900395271 /* FirebaseCore */ = {
			isa = XCSwiftPackageProductDependency;
			package = 58E8F25B30318A5900395271 /* XCRemoteSwiftPackageReference "firebase-ios-sdk" */;
			productName = FirebaseCore;
		};
		58E8F28230318A5900395271 /* FirebaseMessaging */ = {
			isa = XCSwiftPackageProductDependency;
			package = 58E8F25B30318A5900395271 /* XCRemoteSwiftPackageReference "firebase-ios-sdk" */;
			productName = FirebaseMessaging;
		};
		58E8F28D30318A7700395271 /* Drops */ = {
			isa = XCSwiftPackageProductDependency;
			package = 58E8F28C30318A7700395271 /* XCRemoteSwiftPackageReference "Drops" */;
			productName = Drops;
		};
		58E8F8133031951800395271 /* Lottie */ = {
			isa = XCSwiftPackageProductDependency;
			package = 58E8F8123031951800395271 /* XCRemoteSwiftPackageReference "lottie-spm" */;
			productName = Lottie;
		};
		5A1F00000000000000000003 /* Kingfisher */ = {
			isa = XCSwiftPackageProductDependency;
			package = 5A1F00000000000000000002 /* XCRemoteSwiftPackageReference "Kingfisher" */;
			productName = Kingfisher;
		};
/* End XCSwiftPackageProductDependency section */
	};
	rootObject = 58D6FDEB306D10ED00D0BB3B /* Project object */;
}
